
Microsoft Visual Studio Solution File, Format Version 12.00
# Visual Studio Version 16
VisualStudioVersion = 16.0.31702.278
MinimumVisualStudioVersion = 10.0.40219.1
Project("{9A19103F-16F7-4668-BE54-9A1E7A4F7556}") = "OpenWIZ", "OpenWIZ.csproj", "{62CA05E2-3CAC-43ED-B73A-39992CD3163A}"
EndProject
Project("{FAE04EC0-301F-11D3-BF4B-00C04F79EFBC}") = "ConsoleApp1", "ConsoleApp1\ConsoleApp1.csproj", "{03EB6B87-1424-4A96-A1A9-B3D65A6F3F26}"
EndProject
Global
	GlobalSection(SolutionConfigurationPlatforms) = preSolution
		Debug|Any CPU = Debug|Any CPU
		Release|Any CPU = Release|Any CPU
	EndGlobalSection
	GlobalSection(ProjectConfigurationPlatforms) = postSolution
		{62CA05E2-3CAC-43ED-B73A-39992CD3163A}.Debug|Any CPU.ActiveCfg = Debug|Any CPU
		{62CA05E2-3CAC-43ED-B73A-39992CD3163A}.Debug|Any CPU.Build.0 = Debug|Any CPU
		{62CA05E2-3CAC-43ED-B73A-39992CD3163A}.Release|Any CPU.ActiveCfg = Release|Any CPU
		{62CA05E2-3CAC-43ED-B73A-39992CD3163A}.Release|Any CPU.Build.0 = Release|Any CPU
		{03EB6B87-1424-4A96-A1A9-B3D65A6F3F26}.Debug|Any CPU.ActiveCfg = Debug|Any CPU
		{03EB6B87-1424-4A96-A1A9-B3D65A6F3F26}.Debug|Any CPU.Build.0 = Debug|Any CPU
		{03EB6B87-1424-4A96-A1A9-B3D65A6F3F26}.Release|Any CPU.ActiveCfg = Release|Any CPU
		{03EB6B87-1424-4A96-A1A9-B3D65A6F3F26}.Release|Any CPU.Build.0 = Release|Any CPU
	EndGlobalSection
	GlobalSection(SolutionProperties) = preSolution
		HideSolutionNode = FALSE
	EndGlobalSection
	GlobalSection(ExtensibilityGlobals) = postSolution
		SolutionGuid = {901BB93A-A505-4CF4-9AFC-CFE0EF3E159F}
	EndGlobalSection
EndGlobal
